{
  "name": "client",
  "version": "1.0.0",
  "lockfileVersion": 1,
  "requires": true,
  "dependencies": {
    "@cycle/run": {
      "version": "3.4.0",
      "resolved": "https://registry.npmjs.org/@cycle/run/-/run-3.4.0.tgz",
      "integrity": "sha512-YUZyPu0nC4YDC31mLH5PGxbMoPEH5dNEV+nmgt34GgGgJ0ykDd4PrY7/ph5MAEpQE6rOfov0VN44qQRs6beQow==",
      "requires": {
        "xstream": "11.0.0"
      }
    },
    "samsarajs": {
      "version": "0.2.4",
      "resolved": "https://registry.npmjs.org/samsarajs/-/samsarajs-0.2.4.tgz",
      "integrity": "sha1-gOlO5IXpJEvSS0LlVeGxDoYK4AE="
    },
    "symbol-observable": {
      "version": "1.0.4",
      "resolved": "https://registry.npmjs.org/symbol-observable/-/symbol-observable-1.0.4.tgz",
      "integrity": "sha1-Kb9hXUqnEhvdiYsi1LP5vE4qoD0="
    },
    "xstream": {
      "version": "11.0.0",
      "resolved": "https://registry.npmjs.org/xstream/-/xstream-11.0.0.tgz",
      "integrity": "sha1-IBjDxOVz92tiuc+WoXpGh2qxIOA=",
      "requires": {
        "symbol-observable": "1.0.4"
      }
    }
  }
}
